// !$*UTF8*$!
{
	archiveVersion = 1;
	classes = {
	};
	objectVersion = 55;
	objects = {

/* Begin PBXBuildFile section */
		8DB9E29D2BF276B1004B98F2 /* ArticlePresenter.swift in Sources */ = {isa = PBXBuildFile; fileRef = 8DB9E29C2BF276B1004B98F2 /* ArticlePresenter.swift */; };
		8DB9E29F2BF27786004B98F2 /* UserDefaultsManager.swift in Sources */ = {isa = PBXBuildFile; fileRef = 8DB9E29E2BF27786004B98F2 /* UserDefaultsManager.swift */; };
		8DB9E2A22BF28229004B98F2 /* ReadLaterViewController.swift in Sources */ = {isa = PBXBuildFile; fileRef = 8DB9E2A12BF28229004B98F2 /* ReadLaterViewController.swift */; };
		8DB9E2A42BF2824D004B98F2 /* ReadLaterPresenter.swift in Sources */ = {isa = PBXBuildFile; fileRef = 8DB9E2A32BF2824D004B98F2 /* ReadLaterPresenter.swift */; };
		8DBBAC4F2BEFDE76007BE6AD /* AppCoordinator.swift in Sources */ = {isa = PBXBuildFile; fileRef = 8DBBAC4E2BEFDE76007BE6AD /* AppCoordinator.swift */; };
		8DBBAC532BEFE1D3007BE6AD /* BaseViewController.swift in Sources */ = {isa = PBXBuildFile; fileRef = 8DBBAC522BEFE1D3007BE6AD /* BaseViewController.swift */; };
		8DBBAC552BEFE1F3007BE6AD /* BaseNavigationController.swift in Sources */ = {isa = PBXBuildFile; fileRef = 8DBBAC542BEFE1F3007BE6AD /* BaseNavigationController.swift */; };
		8DBBAC592BEFE2E3007BE6AD /* ArticleViewController.swift in Sources */ = {isa = PBXBuildFile; fileRef = 8DBBAC582BEFE2E3007BE6AD /* ArticleViewController.swift */; };
		8DBBAC5C2BEFE5E5007BE6AD /* APICaller.swift in Sources */ = {isa = PBXBuildFile; fileRef = 8DBBAC5B2BEFE5E5007BE6AD /* APICaller.swift */; };
		8DBBAC5E2BEFE5F1007BE6AD /* NetworkConstant.swift in Sources */ = {isa = PBXBuildFile; fileRef = 8DBBAC5D2BEFE5F1007BE6AD /* NetworkConstant.swift */; };
		8DBBAC622BEFE66A007BE6AD /* NewsModel.swift in Sources */ = {isa = PBXBuildFile; fileRef = 8DBBAC612BEFE66A007BE6AD /* NewsModel.swift */; };
		8DBBAC652BEFE6B6007BE6AD /* Data+Extension.swift in Sources */ = {isa = PBXBuildFile; fileRef = 8DBBAC642BEFE6B6007BE6AD /* Data+Extension.swift */; };
		8DBBAC682BEFEF02007BE6AD /* ViewCodeProtocol.swift in Sources */ = {isa = PBXBuildFile; fileRef = 8DBBAC672BEFEF02007BE6AD /* ViewCodeProtocol.swift */; };
		8DBBAC6B2BEFEF50007BE6AD /* HeadlineCell.swift in Sources */ = {isa = PBXBuildFile; fileRef = 8DBBAC6A2BEFEF50007BE6AD /* HeadlineCell.swift */; };
		8DBBAC6E2BEFF375007BE6AD /* GazettePresenter.swift in Sources */ = {isa = PBXBuildFile; fileRef = 8DBBAC6D2BEFF375007BE6AD /* GazettePresenter.swift */; };
		8DBBAC722BF011AB007BE6AD /* Assets.xcassets in Resources */ = {isa = PBXBuildFile; fileRef = 8DBBAC712BF011AA007BE6AD /* Assets.xcassets */; };
		8DBBAC742BF01E23007BE6AD /* UIImageView+Extension.swift in Sources */ = {isa = PBXBuildFile; fileRef = 8DBBAC732BF01E23007BE6AD /* UIImageView+Extension.swift */; };
		8DBD3F892BF397E80025BF55 /* ActivityIndicatorView.swift in Sources */ = {isa = PBXBuildFile; fileRef = 8DBD3F882BF397E80025BF55 /* ActivityIndicatorView.swift */; };
		8DBD3F8B2BF39C690025BF55 /* ArticleViewControllerTests.swift in Sources */ = {isa = PBXBuildFile; fileRef = 8DBD3F8A2BF39C690025BF55 /* ArticleViewControllerTests.swift */; };
		8DBD3F8D2BF39CB50025BF55 /* ReadLaterViewControllerTests.swift in Sources */ = {isa = PBXBuildFile; fileRef = 8DBD3F8C2BF39CB50025BF55 /* ReadLaterViewControllerTests.swift */; };
		8DC263B82BEFD7C600462A4C /* AppDelegate.swift in Sources */ = {isa = PBXBuildFile; fileRef = 8DC263B72BEFD7C600462A4C /* AppDelegate.swift */; };
		8DC263BC2BEFD7C600462A4C /* GazetteViewController.swift in Sources */ = {isa = PBXBuildFile; fileRef = 8DC263BB2BEFD7C600462A4C /* GazetteViewController.swift */; };
		8DC263C42BEFD7C700462A4C /* LaunchScreen.storyboard in Resources */ = {isa = PBXBuildFile; fileRef = 8DC263C22BEFD7C700462A4C /* LaunchScreen.storyboard */; };
		8DC263CF2BEFD7C700462A4C /* GazetteViewControllerTests.swift in Sources */ = {isa = PBXBuildFile; fileRef = 8DC263CE2BEFD7C700462A4C /* GazetteViewControllerTests.swift */; };
		8DC263D92BEFD7C700462A4C /* BornGazetteUITests.swift in Sources */ = {isa = PBXBuildFile; fileRef = 8DC263D82BEFD7C700462A4C /* BornGazetteUITests.swift */; };
		8DC263DB2BEFD7C700462A4C /* BornGazetteUITestsLaunchTests.swift in Sources */ = {isa = PBXBuildFile; fileRef = 8DC263DA2BEFD7C700462A4C /* BornGazetteUITestsLaunchTests.swift */; };
		8DEFBA572BF129F300F84DFE /* String+Extension.swift in Sources */ = {isa = PBXBuildFile; fileRef = 8DEFBA562BF129F300F84DFE /* String+Extension.swift */; };
/* End PBXBuildFile section */

/* Begin PBXContainerItemProxy section */
		8DC263CB2BEFD7C700462A4C /* PBXContainerItemProxy */ = {
			isa = PBXContainerItemProxy;
			containerPortal = 8DC263AC2BEFD7C600462A4C /* Project object */;
			proxyType = 1;
			remoteGlobalIDString = 8DC263B32BEFD7C600462A4C;
			remoteInfo = BornGazette;
		};
		8DC263D52BEFD7C700462A4C /* PBXContainerItemProxy */ = {
			isa = PBXContainerItemProxy;
			containerPortal = 8DC263AC2BEFD7C600462A4C /* Project object */;
			proxyType = 1;
			remoteGlobalIDString = 8DC263B32BEFD7C600462A4C;
			remoteInfo = BornGazette;
		};
/* End PBXContainerItemProxy section */

/* Begin PBXFileReference section */
		8DB9E29C2BF276B1004B98F2 /* ArticlePresenter.swift */ = {isa = PBXFileReference; lastKnownFileType = sourcecode.swift; path = ArticlePresenter.swift; sourceTree = "<group>"; };
		8DB9E29E2BF27786004B98F2 /* UserDefaultsManager.swift */ = {isa = PBXFileReference; lastKnownFileType = sourcecode.swift; path = UserDefaultsManager.swift; sourceTree = "<group>"; };
		8DB9E2A12BF28229004B98F2 /* ReadLaterViewController.swift */ = {isa = PBXFileReference; lastKnownFileType = sourcecode.swift; path = ReadLaterViewController.swift; sourceTree = "<group>"; };
		8DB9E2A32BF2824D004B98F2 /* ReadLaterPresenter.swift */ = {isa = PBXFileReference; lastKnownFileType = sourcecode.swift; path = ReadLaterPresenter.swift; sourceTree = "<group>"; };
		8DBBAC4E2BEFDE76007BE6AD /* AppCoordinator.swift */ = {isa = PBXFileReference; lastKnownFileType = sourcecode.swift; path = AppCoordinator.swift; sourceTree = "<group>"; };
		8DBBAC522BEFE1D3007BE6AD /* BaseViewController.swift */ = {isa = PBXFileReference; lastKnownFileType = sourcecode.swift; path = BaseViewController.swift; sourceTree = "<group>"; };
		8DBBAC542BEFE1F3007BE6AD /* BaseNavigationController.swift */ = {isa = PBXFileReference; lastKnownFileType = sourcecode.swift; path = BaseNavigationController.swift; sourceTree = "<group>"; };
		8DBBAC582BEFE2E3007BE6AD /* ArticleViewController.swift */ = {isa = PBXFileReference; lastKnownFileType = sourcecode.swift; path = ArticleViewController.swift; sourceTree = "<group>"; };
		8DBBAC5B2BEFE5E5007BE6AD /* APICaller.swift */ = {isa = PBXFileReference; lastKnownFileType = sourcecode.swift; path = APICaller.swift; sourceTree = "<group>"; };
		8DBBAC5D2BEFE5F1007BE6AD /* NetworkConstant.swift */ = {isa = PBXFileReference; lastKnownFileType = sourcecode.swift; path = NetworkConstant.swift; sourceTree = "<group>"; };
		8DBBAC612BEFE66A007BE6AD /* NewsModel.swift */ = {isa = PBXFileReference; lastKnownFileType = sourcecode.swift; path = NewsModel.swift; sourceTree = "<group>"; };
		8DBBAC642BEFE6B6007BE6AD /* Data+Extension.swift */ = {isa = PBXFileReference; lastKnownFileType = sourcecode.swift; path = "Data+Extension.swift"; sourceTree = "<group>"; };
		8DBBAC672BEFEF02007BE6AD /* ViewCodeProtocol.swift */ = {isa = PBXFileReference; lastKnownFileType = sourcecode.swift; path = ViewCodeProtocol.swift; sourceTree = "<group>"; };
		8DBBAC6A2BEFEF50007BE6AD /* HeadlineCell.swift */ = {isa = PBXFileReference; lastKnownFileType = sourcecode.swift; path = HeadlineCell.swift; sourceTree = "<group>"; };
		8DBBAC6D2BEFF375007BE6AD /* GazettePresenter.swift */ = {isa = PBXFileReference; lastKnownFileType = sourcecode.swift; path = GazettePresenter.swift; sourceTree = "<group>"; };
		8DBBAC712BF011AA007BE6AD /* Assets.xcassets */ = {isa = PBXFileReference; lastKnownFileType = folder.assetcatalog; path = Assets.xcassets; sourceTree = "<group>"; };
		8DBBAC732BF01E23007BE6AD /* UIImageView+Extension.swift */ = {isa = PBXFileReference; lastKnownFileType = sourcecode.swift; path = "UIImageView+Extension.swift"; sourceTree = "<group>"; };
		8DBD3F882BF397E80025BF55 /* ActivityIndicatorView.swift */ = {isa = PBXFileReference; lastKnownFileType = sourcecode.swift; path = ActivityIndicatorView.swift; sourceTree = "<group>"; };
		8DBD3F8A2BF39C690025BF55 /* ArticleViewControllerTests.swift */ = {isa = PBXFileReference; lastKnownFileType = sourcecode.swift; path = ArticleViewControllerTests.swift; sourceTree = "<group>"; };
		8DBD3F8C2BF39CB50025BF55 /* ReadLaterViewControllerTests.swift */ = {isa = PBXFileReference; lastKnownFileType = sourcecode.swift; path = ReadLaterViewControllerTests.swift; sourceTree = "<group>"; };
		8DC263B42BEFD7C600462A4C /* BornGazette.app */ = {isa = PBXFileReference; explicitFileType = wrapper.application; includeInIndex = 0; path = BornGazette.app; sourceTree = BUILT_PRODUCTS_DIR; };
		8DC263B72BEFD7C600462A4C /* AppDelegate.swift */ = {isa = PBXFileReference; lastKnownFileType = sourcecode.swift; path = AppDelegate.swift; sourceTree = "<group>"; };
		8DC263BB2BEFD7C600462A4C /* GazetteViewController.swift */ = {isa = PBXFileReference; lastKnownFileType = sourcecode.swift; path = GazetteViewController.swift; sourceTree = "<group>"; };
		8DC263C32BEFD7C700462A4C /* Base */ = {isa = PBXFileReference; lastKnownFileType = file.storyboard; name = Base; path = Base.lproj/LaunchScreen.storyboard; sourceTree = "<group>"; };
		8DC263C52BEFD7C700462A4C /* Info.plist */ = {isa = PBXFileReference; lastKnownFileType = text.plist.xml; path = Info.plist; sourceTree = "<group>"; };
		8DC263CA2BEFD7C700462A4C /* BornGazetteTests.xctest */ = {isa = PBXFileReference; explicitFileType = wrapper.cfbundle; includeInIndex = 0; path = BornGazetteTests.xctest; sourceTree = BUILT_PRODUCTS_DIR; };
		8DC263CE2BEFD7C700462A4C /* GazetteViewControllerTests.swift */ = {isa = PBXFileReference; lastKnownFileType = sourcecode.swift; path = GazetteViewControllerTests.swift; sourceTree = "<group>"; };
		8DC263D42BEFD7C700462A4C /* BornGazetteUITests.xctest */ = {isa = PBXFileReference; explicitFileType = wrapper.cfbundle; includeInIndex = 0; path = BornGazetteUITests.xctest; sourceTree = BUILT_PRODUCTS_DIR; };
		8DC263D82BEFD7C700462A4C /* BornGazetteUITests.swift */ = {isa = PBXFileReference; lastKnownFileType = sourcecode.swift; path = BornGazetteUITests.swift; sourceTree = "<group>"; };
		8DC263DA2BEFD7C700462A4C /* BornGazetteUITestsLaunchTests.swift */ = {isa = PBXFileReference; lastKnownFileType = sourcecode.swift; path = BornGazetteUITestsLaunchTests.swift; sourceTree = "<group>"; };
		8DEFBA562BF129F300F84DFE /* String+Extension.swift */ = {isa = PBXFileReference; lastKnownFileType = sourcecode.swift; path = "String+Extension.swift"; sourceTree = "<group>"; };
/* End PBXFileReference section */

/* Begin PBXFrameworksBuildPhase section */
		8DC263B12BEFD7C600462A4C /* Frameworks */ = {
			isa = PBXFrameworksBuildPhase;
			buildActionMask = 2147483647;
			files = (
			);
			runOnlyForDeploymentPostprocessing = 0;
		};
		8DC263C72BEFD7C700462A4C /* Frameworks */ = {
			isa = PBXFrameworksBuildPhase;
			buildActionMask = 2147483647;
			files = (
			);
			runOnlyForDeploymentPostprocessing = 0;
		};
		8DC263D12BEFD7C700462A4C /* Frameworks */ = {
			isa = PBXFrameworksBuildPhase;
			buildActionMask = 2147483647;
			files = (
			);
			runOnlyForDeploymentPostprocessing = 0;
		};
/* End PBXFrameworksBuildPhase section */

/* Begin PBXGroup section */
		8DB9E2A02BF281DB004B98F2 /* ReadLater */ = {
			isa = PBXGroup;
			children = (
				8DB9E2A12BF28229004B98F2 /* ReadLaterViewController.swift */,
				8DB9E2A32BF2824D004B98F2 /* ReadLaterPresenter.swift */,
			);
			path = ReadLater;
			sourceTree = "<group>";
		};
		8DBBAC4D2BEFDE5C007BE6AD /* AppStart */ = {
			isa = PBXGroup;
			children = (
				8DC263B72BEFD7C600462A4C /* AppDelegate.swift */,
				8DC263C22BEFD7C700462A4C /* LaunchScreen.storyboard */,
				8DBBAC4E2BEFDE76007BE6AD /* AppCoordinator.swift */,
			);
			path = AppStart;
			sourceTree = "<group>";
		};
		8DBBAC502BEFE18F007BE6AD /* Controllers */ = {
			isa = PBXGroup;
			children = (
				8DB9E2A02BF281DB004B98F2 /* ReadLater */,
				8DBBAC562BEFE20A007BE6AD /* Commons */,
				8DBBAC512BEFE1AC007BE6AD /* Gazette */,
				8DBBAC572BEFE2D3007BE6AD /* Article */,
			);
			path = Controllers;
			sourceTree = "<group>";
		};
		8DBBAC512BEFE1AC007BE6AD /* Gazette */ = {
			isa = PBXGroup;
			children = (
				8DC263BB2BEFD7C600462A4C /* GazetteViewController.swift */,
				8DBBAC6D2BEFF375007BE6AD /* GazettePresenter.swift */,
			);
			path = Gazette;
			sourceTree = "<group>";
		};
		8DBBAC562BEFE20A007BE6AD /* Commons */ = {
			isa = PBXGroup;
			children = (
				8DBBAC522BEFE1D3007BE6AD /* BaseViewController.swift */,
				8DBBAC542BEFE1F3007BE6AD /* BaseNavigationController.swift */,
			);
			path = Commons;
			sourceTree = "<group>";
		};
		8DBBAC572BEFE2D3007BE6AD /* Article */ = {
			isa = PBXGroup;
			children = (
				8DBBAC582BEFE2E3007BE6AD /* ArticleViewController.swift */,
				8DB9E29C2BF276B1004B98F2 /* ArticlePresenter.swift */,
			);
			path = Article;
			sourceTree = "<group>";
		};
		8DBBAC5A2BEFE5CF007BE6AD /* Networking */ = {
			isa = PBXGroup;
			children = (
				8DBBAC5B2BEFE5E5007BE6AD /* APICaller.swift */,
				8DBBAC5D2BEFE5F1007BE6AD /* NetworkConstant.swift */,
			);
			path = Networking;
			sourceTree = "<group>";
		};
		8DBBAC5F2BEFE651007BE6AD /* Model */ = {
			isa = PBXGroup;
			children = (
				8DBBAC612BEFE66A007BE6AD /* NewsModel.swift */,
			);
			path = Model;
			sourceTree = "<group>";
		};
		8DBBAC602BEFE65C007BE6AD /* Resources */ = {
			isa = PBXGroup;
			children = (
				8DBBAC712BF011AA007BE6AD /* Assets.xcassets */,
			);
			path = Resources;
			sourceTree = "<group>";
		};
		8DBBAC632BEFE6A3007BE6AD /* Extensions */ = {
			isa = PBXGroup;
			children = (
				8DBBAC642BEFE6B6007BE6AD /* Data+Extension.swift */,
				8DBBAC732BF01E23007BE6AD /* UIImageView+Extension.swift */,
				8DEFBA562BF129F300F84DFE /* String+Extension.swift */,
			);
			path = Extensions;
			sourceTree = "<group>";
		};
		8DBBAC662BEFEEF2007BE6AD /* Classes */ = {
			isa = PBXGroup;
			children = (
				8DBBAC672BEFEF02007BE6AD /* ViewCodeProtocol.swift */,
				8DB9E29E2BF27786004B98F2 /* UserDefaultsManager.swift */,
			);
			path = Classes;
			sourceTree = "<group>";
		};
		8DBBAC692BEFEF38007BE6AD /* Views */ = {
			isa = PBXGroup;
			children = (
				8DBBAC6A2BEFEF50007BE6AD /* HeadlineCell.swift */,
				8DBD3F882BF397E80025BF55 /* ActivityIndicatorView.swift */,
			);
			path = Views;
			sourceTree = "<group>";
		};
		8DC263AB2BEFD7C600462A4C = {
			isa = PBXGroup;
			children = (
				8DC263B62BEFD7C600462A4C /* BornGazette */,
				8DC263CD2BEFD7C700462A4C /* BornGazetteTests */,
				8DC263D72BEFD7C700462A4C /* BornGazetteUITests */,
				8DC263B52BEFD7C600462A4C /* Products */,
			);
			sourceTree = "<group>";
		};
		8DC263B52BEFD7C600462A4C /* Products */ = {
			isa = PBXGroup;
			children = (
				8DC263B42BEFD7C600462A4C /* BornGazette.app */,
				8DC263CA2BEFD7C700462A4C /* BornGazetteTests.xctest */,
				8DC263D42BEFD7C700462A4C /* BornGazetteUITests.xctest */,
			);
			name = Products;
			sourceTree = "<group>";
		};
		8DC263B62BEFD7C600462A4C /* BornGazette */ = {
			isa = PBXGroup;
			children = (
				8DBBAC4D2BEFDE5C007BE6AD /* AppStart */,
				8DBBAC662BEFEEF2007BE6AD /* Classes */,
				8DBBAC502BEFE18F007BE6AD /* Controllers */,
				8DBBAC632BEFE6A3007BE6AD /* Extensions */,
				8DBBAC5F2BEFE651007BE6AD /* Model */,
				8DBBAC5A2BEFE5CF007BE6AD /* Networking */,
				8DBBAC692BEFEF38007BE6AD /* Views */,
				8DBBAC602BEFE65C007BE6AD /* Resources */,
				8DC263C52BEFD7C700462A4C /* Info.plist */,
			);
			path = BornGazette;
			sourceTree = "<group>";
		};
		8DC263CD2BEFD7C700462A4C /* BornGazetteTests */ = {
			isa = PBXGroup;
			children = (
				8DC263CE2BEFD7C700462A4C /* GazetteViewControllerTests.swift */,
				8DBD3F8A2BF39C690025BF55 /* ArticleViewControllerTests.swift */,
				8DBD3F8C2BF39CB50025BF55 /* ReadLaterViewControllerTests.swift */,
			);
			path = BornGazetteTests;
			sourceTree = "<group>";
		};
		8DC263D72BEFD7C700462A4C /* BornGazetteUITests */ = {
			isa = PBXGroup;
			children = (
				8DC263D82BEFD7C700462A4C /* BornGazetteUITests.swift */,
				8DC263DA2BEFD7C700462A4C /* BornGazetteUITestsLaunchTests.swift */,
			);
			path = BornGazetteUITests;
			sourceTree = "<group>";
		};
/* End PBXGroup section */

/* Begin PBXNativeTarget section */
		8DC263B32BEFD7C600462A4C /* BornGazette */ = {
			isa = PBXNativeTarget;
			buildConfigurationList = 8DC263DE2BEFD7C700462A4C /* Build configuration list for PBXNativeTarget "BornGazette" */;
			buildPhases = (
				8DC263B02BEFD7C600462A4C /* Sources */,
				8DC263B12BEFD7C600462A4C /* Frameworks */,
				8DC263B22BEFD7C600462A4C /* Resources */,
			);
			buildRules = (
			);
			dependencies = (
			);
			name = BornGazette;
			productName = BornGazette;
			productReference = 8DC263B42BEFD7C600462A4C /* BornGazette.app */;
			productType = "com.apple.product-type.application";
		};
		8DC263C92BEFD7C700462A4C /* BornGazetteTests */ = {
			isa = PBXNativeTarget;
			buildConfigurationList = 8DC263E12BEFD7C700462A4C /* Build configuration list for PBXNativeTarget "BornGazetteTests" */;
			buildPhases = (
				8DC263C62BEFD7C700462A4C /* Sources */,
				8DC263C72BEFD7C700462A4C /* Frameworks */,
				8DC263C82BEFD7C700462A4C /* Resources */,
			);
			buildRules = (
			);
			dependencies = (
				8DC263CC2BEFD7C700462A4C /* PBXTargetDependency */,
			);
			name = BornGazetteTests;
			productName = BornGazetteTests;
			productReference = 8DC263CA2BEFD7C700462A4C /* BornGazetteTests.xctest */;
			productType = "com.apple.product-type.bundle.unit-test";
		};
		8DC263D32BEFD7C700462A4C /* BornGazetteUITests */ = {
			isa = PBXNativeTarget;
			buildConfigurationList = 8DC263E42BEFD7C700462A4C /* Build configuration list for PBXNativeTarget "BornGazetteUITests" */;
			buildPhases = (
				8DC263D02BEFD7C700462A4C /* Sources */,
				8DC263D12BEFD7C700462A4C /* Frameworks */,
				8DC263D22BEFD7C700462A4C /* Resources */,
			);
			buildRules = (
			);
			dependencies = (
				8DC263D62BEFD7C700462A4C /* PBXTargetDependency */,
			);
			name = BornGazetteUITests;
			productName = BornGazetteUITests;
			productReference = 8DC263D42BEFD7C700462A4C /* BornGazetteUITests.xctest */;
			productType = "com.apple.product-type.bundle.ui-testing";
		};
/* End PBXNativeTarget section */

/* Begin PBXProject section */
		8DC263AC2BEFD7C600462A4C /* Project object */ = {
			isa = PBXProject;
			attributes = {
				BuildIndependentTargetsInParallel = 1;
				LastSwiftUpdateCheck = 1340;
				LastUpgradeCheck = 1340;
				TargetAttributes = {
					8DC263B32BEFD7C600462A4C = {
						CreatedOnToolsVersion = 13.4.1;
					};
					8DC263C92BEFD7C700462A4C = {
						CreatedOnToolsVersion = 13.4.1;
						TestTargetID = 8DC263B32BEFD7C600462A4C;
					};
					8DC263D32BEFD7C700462A4C = {
						CreatedOnToolsVersion = 13.4.1;
						TestTargetID = 8DC263B32BEFD7C600462A4C;
					};
				};
			};
			buildConfigurationList = 8DC263AF2BEFD7C600462A4C /* Build configuration list for PBXProject "BornGazette" */;
			compatibilityVersion = "Xcode 13.0";
			developmentRegion = en;
			hasScannedForEncodings = 0;
			knownRegions = (
				en,
				Base,
			);
			mainGroup = 8DC263AB2BEFD7C600462A4C;
			productRefGroup = 8DC263B52BEFD7C600462A4C /* Products */;
			projectDirPath = "";
			projectRoot = "";
			targets = (
				8DC263B32BEFD7C600462A4C /* BornGazette */,
				8DC263C92BEFD7C700462A4C /* BornGazetteTests */,
				8DC263D32BEFD7C700462A4C /* BornGazetteUITests */,
			);
		};
/* End PBXProject section */

/* Begin PBXResourcesBuildPhase section */
		8DC263B22BEFD7C600462A4C /* Resources */ = {
			isa = PBXResourcesBuildPhase;
			buildActionMask = 2147483647;
			files = (
				8DBBAC722BF011AB007BE6AD /* Assets.xcassets in Resources */,
				8DC263C42BEFD7C700462A4C /* LaunchScreen.storyboard in Resources */,
			);
			runOnlyForDeploymentPostprocessing = 0;
		};
		8DC263C82BEFD7C700462A4C /* Resources */ = {
			isa = PBXResourcesBuildPhase;
			buildActionMask = 2147483647;
			files = (
			);
			runOnlyForDeploymentPostprocessing = 0;
		};
		8DC263D22BEFD7C700462A4C /* Resources */ = {
			isa = PBXResourcesBuildPhase;
			buildActionMask = 2147483647;
			files = (
			);
			runOnlyForDeploymentPostprocessing = 0;
		};
/* End PBXResourcesBuildPhase section */

/* Begin PBXSourcesBuildPhase section */
		8DC263B02BEFD7C600462A4C /* Sources */ = {
			isa = PBXSourcesBuildPhase;
			buildActionMask = 2147483647;
			files = (
				8DBBAC4F2BEFDE76007BE6AD /* AppCoordinator.swift in Sources */,
				8DBBAC532BEFE1D3007BE6AD /* BaseViewController.swift in Sources */,
				8DB9E29F2BF27786004B98F2 /* UserDefaultsManager.swift in Sources */,
				8DBBAC742BF01E23007BE6AD /* UIImageView+Extension.swift in Sources */,
				8DC263BC2BEFD7C600462A4C /* GazetteViewController.swift in Sources */,
				8DBBAC622BEFE66A007BE6AD /* NewsModel.swift in Sources */,
				8DBBAC5C2BEFE5E5007BE6AD /* APICaller.swift in Sources */,
				8DB9E2A42BF2824D004B98F2 /* ReadLaterPresenter.swift in Sources */,
				8DB9E2A22BF28229004B98F2 /* ReadLaterViewController.swift in Sources */,
				8DBBAC5E2BEFE5F1007BE6AD /* NetworkConstant.swift in Sources */,
				8DBBAC682BEFEF02007BE6AD /* ViewCodeProtocol.swift in Sources */,
				8DBD3F892BF397E80025BF55 /* ActivityIndicatorView.swift in Sources */,
				8DBBAC6B2BEFEF50007BE6AD /* HeadlineCell.swift in Sources */,
				8DBBAC552BEFE1F3007BE6AD /* BaseNavigationController.swift in Sources */,
				8DBBAC652BEFE6B6007BE6AD /* Data+Extension.swift in Sources */,
				8DC263B82BEFD7C600462A4C /* AppDelegate.swift in Sources */,
				8DBBAC6E2BEFF375007BE6AD /* GazettePresenter.swift in Sources */,
				8DB9E29D2BF276B1004B98F2 /* ArticlePresenter.swift in Sources */,
				8DEFBA572BF129F300F84DFE /* String+Extension.swift in Sources */,
				8DBBAC592BEFE2E3007BE6AD /* ArticleViewController.swift in Sources */,
			);
			runOnlyForDeploymentPostprocessing = 0;
		};
		8DC263C62BEFD7C700462A4C /* Sources */ = {
			isa = PBXSourcesBuildPhase;
			buildActionMask = 2147483647;
			files = (
				8DBD3F8B2BF39C690025BF55 /* ArticleViewControllerTests.swift in Sources */,
				8DC263CF2BEFD7C700462A4C /* GazetteViewControllerTests.swift in Sources */,
				8DBD3F8D2BF39CB50025BF55 /* ReadLaterViewControllerTests.swift in Sources */,
			);
			runOnlyForDeploymentPostprocessing = 0;
		};
		8DC263D02BEFD7C700462A4C /* Sources */ = {
			isa = PBXSourcesBuildPhase;
			buildActionMask = 2147483647;
			files = (
				8DC263DB2BEFD7C700462A4C /* BornGazetteUITestsLaunchTests.swift in Sources */,
				8DC263D92BEFD7C700462A4C /* BornGazetteUITests.swift in Sources */,
			);
			runOnlyForDeploymentPostprocessing = 0;
		};
/* End PBXSourcesBuildPhase section */

/* Begin PBXTargetDependency section */
		8DC263CC2BEFD7C700462A4C /* PBXTargetDependency */ = {
			isa = PBXTargetDependency;
			target = 8DC263B32BEFD7C600462A4C /* BornGazette */;
			targetProxy = 8DC263CB2BEFD7C700462A4C /* PBXContainerItemProxy */;
		};
		8DC263D62BEFD7C700462A4C /* PBXTargetDependency */ = {
			isa = PBXTargetDependency;
			target = 8DC263B32BEFD7C600462A4C /* BornGazette */;
			targetProxy = 8DC263D52BEFD7C700462A4C /* PBXContainerItemProxy */;
		};
/* End PBXTargetDependency section */

/* Begin PBXVariantGroup section */
		8DC263C22BEFD7C700462A4C /* LaunchScreen.storyboard */ = {
			isa = PBXVariantGroup;
			children = (
				8DC263C32BEFD7C700462A4C /* Base */,
			);
			name = LaunchScreen.storyboard;
			sourceTree = "<group>";
		};
/* End PBXVariantGroup section */

/* Begin XCBuildConfiguration section */
		8DC263DC2BEFD7C700462A4C /* Debug */ = {
			isa = XCBuildConfiguration;
			buildSettings = {
				ALWAYS_SEARCH_USER_PATHS = NO;
				CLANG_ANALYZER_NONNULL = YES;
				CLANG_ANALYZER_NUMBER_OBJECT_CONVERSION = YES_AGGRESSIVE;
				CLANG_CXX_LANGUAGE_STANDARD = "gnu++17";
				CLANG_ENABLE_MODULES = YES;
				CLANG_ENABLE_OBJC_ARC = YES;
				CLANG_ENABLE_OBJC_WEAK = YES;
				CLANG_WARN_BLOCK_CAPTURE_AUTORELEASING = YES;
				CLANG_WARN_BOOL_CONVERSION = YES;
				CLANG_WARN_COMMA = YES;
				CLANG_WARN_CONSTANT_CONVERSION = YES;
				CLANG_WARN_DEPRECATED_OBJC_IMPLEMENTATIONS = YES;
				CLANG_WARN_DIRECT_OBJC_ISA_USAGE = YES_ERROR;
				CLANG_WARN_DOCUMENTATION_COMMENTS = YES;
				CLANG_WARN_EMPTY_BODY = YES;
				CLANG_WARN_ENUM_CONVERSION = YES;
				CLANG_WARN_INFINITE_RECURSION = YES;
				CLANG_WARN_INT_CONVERSION = YES;
				CLANG_WARN_NON_LITERAL_NULL_CONVERSION = YES;
				CLANG_WARN_OBJC_IMPLICIT_RETAIN_SELF = YES;
				CLANG_WARN_OBJC_LITERAL_CONVERSION = YES;
				CLANG_WARN_OBJC_ROOT_CLASS = YES_ERROR;
				CLANG_WARN_QUOTED_INCLUDE_IN_FRAMEWORK_HEADER = YES;
				CLANG_WARN_RANGE_LOOP_ANALYSIS = YES;
				CLANG_WARN_STRICT_PROTOTYPES = YES;
				CLANG_WARN_SUSPICIOUS_MOVE = YES;
				CLANG_WARN_UNGUARDED_AVAILABILITY = YES_AGGRESSIVE;
				CLANG_WARN_UNREACHABLE_CODE = YES;
				CLANG_WARN__DUPLICATE_METHOD_MATCH = YES;
				COPY_PHASE_STRIP = NO;
				DEBUG_INFORMATION_FORMAT = dwarf;
				ENABLE_STRICT_OBJC_MSGSEND = YES;
				ENABLE_TESTABILITY = YES;
				GCC_C_LANGUAGE_STANDARD = gnu11;
				GCC_DYNAMIC_NO_PIC = NO;
				GCC_NO_COMMON_BLOCKS = YES;
				GCC_OPTIMIZATION_LEVEL = 0;
				GCC_PREPROCESSOR_DEFINITIONS = (
					"DEBUG=1",
					"$(inherited)",
				);
				GCC_WARN_64_TO_32_BIT_CONVERSION = YES;
				GCC_WARN_ABOUT_RETURN_TYPE = YES_ERROR;
				GCC_WARN_UNDECLARED_SELECTOR = YES;
				GCC_WARN_UNINITIALIZED_AUTOS = YES_AGGRESSIVE;
				GCC_WARN_UNUSED_FUNCTION = YES;
				GCC_WARN_UNUSED_VARIABLE = YES;
				IPHONEOS_DEPLOYMENT_TARGET = 15.5;
				MTL_ENABLE_DEBUG_INFO = INCLUDE_SOURCE;
				MTL_FAST_MATH = YES;
				ONLY_ACTIVE_ARCH = YES;
				SDKROOT = iphoneos;
				SWIFT_ACTIVE_COMPILATION_CONDITIONS = DEBUG;
				SWIFT_OPTIMIZATION_LEVEL = "-Onone";
			};
			name = Debug;
		};
		8DC263DD2BEFD7C700462A4C /* Release */ = {
			isa = XCBuildConfiguration;
			buildSettings = {
				ALWAYS_SEARCH_USER_PATHS = NO;
				CLANG_ANALYZER_NONNULL = YES;
				CLANG_ANALYZER_NUMBER_OBJECT_CONVERSION = YES_AGGRESSIVE;
				CLANG_CXX_LANGUAGE_STANDARD = "gnu++17";
				CLANG_ENABLE_MODULES = YES;
				CLANG_ENABLE_OBJC_ARC = YES;
				CLANG_ENABLE_OBJC_WEAK = YES;
				CLANG_WARN_BLOCK_CAPTURE_AUTORELEASING = YES;
				CLANG_WARN_BOOL_CONVERSION = YES;
				CLANG_WARN_COMMA = YES;
				CLANG_WARN_CONSTANT_CONVERSION = YES;
				CLANG_WARN_DEPRECATED_OBJC_IMPLEMENTATIONS = YES;
				CLANG_WARN_DIRECT_OBJC_ISA_USAGE = YES_ERROR;
				CLANG_WARN_DOCUMENTATION_COMMENTS = YES;
				CLANG_WARN_EMPTY_BODY = YES;
				CLANG_WARN_ENUM_CONVERSION = YES;
				CLANG_WARN_INFINITE_RECURSION = YES;
				CLANG_WARN_INT_CONVERSION = YES;
				CLANG_WARN_NON_LITERAL_NULL_CONVERSION = YES;
				CLANG_WARN_OBJC_IMPLICIT_RETAIN_SELF = YES;
				CLANG_WARN_OBJC_LITERAL_CONVERSION = YES;
				CLANG_WARN_OBJC_ROOT_CLASS = YES_ERROR;
				CLANG_WARN_QUOTED_INCLUDE_IN_FRAMEWORK_HEADER = YES;
				CLANG_WARN_RANGE_LOOP_ANALYSIS = YES;
				CLANG_WARN_STRICT_PROTOTYPES = YES;
				CLANG_WARN_SUSPICIOUS_MOVE = YES;
				CLANG_WARN_UNGUARDED_AVAILABILITY = YES_AGGRESSIVE;
				CLANG_WARN_UNREACHABLE_CODE = YES;
				CLANG_WARN__DUPLICATE_METHOD_MATCH = YES;
				COPY_PHASE_STRIP = NO;
				DEBUG_INFORMATION_FORMAT = "dwarf-with-dsym";
				ENABLE_NS_ASSERTIONS = NO;
				ENABLE_STRICT_OBJC_MSGSEND = YES;
				GCC_C_LANGUAGE_STANDARD = gnu11;
				GCC_NO_COMMON_BLOCKS = YES;
				GCC_WARN_64_TO_32_BIT_CONVERSION = YES;
				GCC_WARN_ABOUT_RETURN_TYPE = YES_ERROR;
				GCC_WARN_UNDECLARED_SELECTOR = YES;
				GCC_WARN_UNINITIALIZED_AUTOS = YES_AGGRESSIVE;
				GCC_WARN_UNUSED_FUNCTION = YES;
				GCC_WARN_UNUSED_VARIABLE = YES;
				IPHONEOS_DEPLOYMENT_TARGET = 15.5;
				MTL_ENABLE_DEBUG_INFO = NO;
				MTL_FAST_MATH = YES;
				SDKROOT = iphoneos;
				SWIFT_COMPILATION_MODE = wholemodule;
				SWIFT_OPTIMIZATION_LEVEL = "-O";
				VALIDATE_PRODUCT = YES;
			};
			name = Release;
		};
		8DC263DF2BEFD7C700462A4C /* Debug */ = {
			isa = XCBuildConfiguration;
			buildSettings = {
				ASSETCATALOG_COMPILER_APPICON_NAME = AppIcon;
				ASSETCATALOG_COMPILER_GLOBAL_ACCENT_COLOR_NAME = AccentColor;
				CODE_SIGN_STYLE = Automatic;
				CURRENT_PROJECT_VERSION = 1;
				DEVELOPMENT_TEAM = TGBHB6DPPU;
				GENERATE_INFOPLIST_FILE = YES;
				INFOPLIST_FILE = BornGazette/Info.plist;
				INFOPLIST_KEY_UIApplicationSupportsIndirectInputEvents = YES;
				INFOPLIST_KEY_UILaunchStoryboardName = LaunchScreen;
				INFOPLIST_KEY_UISupportedInterfaceOrientations_iPad = "UIInterfaceOrientationPortrait UIInterfaceOrientationPortraitUpsideDown UIInterfaceOrientationLandscapeLeft UIInterfaceOrientationLandscapeRight";
				INFOPLIST_KEY_UISupportedInterfaceOrientations_iPhone = "UIInterfaceOrientationPortrait UIInterfaceOrientationLandscapeLeft UIInterfaceOrientationLandscapeRight";
				LD_RUNPATH_SEARCH_PATHS = (
					"$(inherited)",
					"@executable_path/Frameworks",
				);
				MARKETING_VERSION = 1.0;
				PRODUCT_BUNDLE_IDENTIFIER = com.rafaelnunes.BornGazette;
				PRODUCT_NAME = "$(TARGET_NAME)";
				SWIFT_EMIT_LOC_STRINGS = YES;
				SWIFT_VERSION = 5.0;
				TARGETED_DEVICE_FAMILY = "1,2";
			};
			name = Debug;
		};
		8DC263E02BEFD7C700462A4C /* Release */ = {
			isa = XCBuildConfiguration;
			buildSettings = {
				ASSETCATALOG_COMPILER_APPICON_NAME = AppIcon;
				ASSETCATALOG_COMPILER_GLOBAL_ACCENT_COLOR_NAME = AccentColor;
				CODE_SIGN_STYLE = Automatic;
				CURRENT_PROJECT_VERSION = 1;
				DEVELOPMENT_TEAM = TGBHB6DPPU;
				GENERATE_INFOPLIST_FILE = YES;
				INFOPLIST_FILE = BornGazette/Info.plist;
				INFOPLIST_KEY_UIApplicationSupportsIndirectInputEvents = YES;
				INFOPLIST_KEY_UILaunchStoryboardName = LaunchScreen;
				INFOPLIST_KEY_UISupportedInterfaceOrientations_iPad = "UIInterfaceOrientationPortrait UIInterfaceOrientationPortraitUpsideDown UIInterfaceOrientationLandscapeLeft UIInterfaceOrientationLandscapeRight";
				INFOPLIST_KEY_UISupportedInterfaceOrientations_iPhone = "UIInterfaceOrientationPortrait UIInterfaceOrientationLandscapeLeft UIInterfaceOrientationLandscapeRight";
				LD_RUNPATH_SEARCH_PATHS = (
					"$(inherited)",
					"@executable_path/Frameworks",
				);
				MARKETING_VERSION = 1.0;
				PRODUCT_BUNDLE_IDENTIFIER = com.rafaelnunes.BornGazette;
				PRODUCT_NAME = "$(TARGET_NAME)";
				SWIFT_EMIT_LOC_STRINGS = YES;
				SWIFT_VERSION = 5.0;
				TARGETED_DEVICE_FAMILY = "1,2";
			};
			name = Release;
		};
		8DC263E22BEFD7C700462A4C /* Debug */ = {
			isa = XCBuildConfiguration;
			buildSettings = {
				ALWAYS_EMBED_SWIFT_STANDARD_LIBRARIES = YES;
				BUNDLE_LOADER = "$(TEST_HOST)";
				CODE_SIGN_STYLE = Automatic;
				CURRENT_PROJECT_VERSION = 1;
				DEVELOPMENT_TEAM = TGBHB6DPPU;
				GENERATE_INFOPLIST_FILE = YES;
				IPHONEOS_DEPLOYMENT_TARGET = 15.5;
				MARKETING_VERSION = 1.0;
				PRODUCT_BUNDLE_IDENTIFIER = com.rafaelnunes.BornGazetteTests;
				PRODUCT_NAME = "$(TARGET_NAME)";
				SWIFT_EMIT_LOC_STRINGS = NO;
				SWIFT_VERSION = 5.0;
				TARGETED_DEVICE_FAMILY = "1,2";
				TEST_HOST = "$(BUILT_PRODUCTS_DIR)/BornGazette.app/BornGazette";
			};
			name = Debug;
		};
		8DC263E32BEFD7C700462A4C /* Release */ = {
			isa = XCBuildConfiguration;
			buildSettings = {
				ALWAYS_EMBED_SWIFT_STANDARD_LIBRARIES = YES;
				BUNDLE_LOADER = "$(TEST_HOST)";
				CODE_SIGN_STYLE = Automatic;
				CURRENT_PROJECT_VERSION = 1;
				DEVELOPMENT_TEAM = TGBHB6DPPU;
				GENERATE_INFOPLIST_FILE = YES;
				IPHONEOS_DEPLOYMENT_TARGET = 15.5;
				MARKETING_VERSION = 1.0;
				PRODUCT_BUNDLE_IDENTIFIER = com.rafaelnunes.BornGazetteTests;
				PRODUCT_NAME = "$(TARGET_NAME)";
				SWIFT_EMIT_LOC_STRINGS = NO;
				SWIFT_VERSION = 5.0;
				TARGETED_DEVICE_FAMILY = "1,2";
				TEST_HOST = "$(BUILT_PRODUCTS_DIR)/BornGazette.app/BornGazette";
			};
			name = Release;
		};
		8DC263E52BEFD7C700462A4C /* Debug */ = {
			isa = XCBuildConfiguration;
			buildSettings = {
				ALWAYS_EMBED_SWIFT_STANDARD_LIBRARIES = YES;
				CODE_SIGN_STYLE = Automatic;
				CURRENT_PROJECT_VERSION = 1;
				DEVELOPMENT_TEAM = TGBHB6DPPU;
				GENERATE_INFOPLIST_FILE = YES;
				MARKETING_VERSION = 1.0;
				PRODUCT_BUNDLE_IDENTIFIER = com.rafaelnunes.BornGazetteUITests;
				PRODUCT_NAME = "$(TARGET_NAME)";
				SWIFT_EMIT_LOC_STRINGS = NO;
				SWIFT_VERSION = 5.0;
				TARGETED_DEVICE_FAMILY = "1,2";
				TEST_TARGET_NAME = BornGazette;
			};
			name = Debug;
		};
		8DC263E62BEFD7C700462A4C /* Release */ = {
			isa = XCBuildConfiguration;
			buildSettings = {
				ALWAYS_EMBED_SWIFT_STANDARD_LIBRARIES = YES;
				CODE_SIGN_STYLE = Automatic;
				CURRENT_PROJECT_VERSION = 1;
				DEVELOPMENT_TEAM = TGBHB6DPPU;
				GENERATE_INFOPLIST_FILE = YES;
				MARKETING_VERSION = 1.0;
				PRODUCT_BUNDLE_IDENTIFIER = com.rafaelnunes.BornGazetteUITests;
				PRODUCT_NAME = "$(TARGET_NAME)";
				SWIFT_EMIT_LOC_STRINGS = NO;
				SWIFT_VERSION = 5.0;
				TARGETED_DEVICE_FAMILY = "1,2";
				TEST_TARGET_NAME = BornGazette;
			};
			name = Release;
		};
/* End XCBuildConfiguration section */

/* Begin XCConfigurationList section */
		8DC263AF2BEFD7C600462A4C /* Build configuration list for PBXProject "BornGazette" */ = {
			isa = XCConfigurationList;
			buildConfigurations = (
				8DC263DC2BEFD7C700462A4C /* Debug */,
				8DC263DD2BEFD7C700462A4C /* Release */,
			);
			defaultConfigurationIsVisible = 0;
			defaultConfigurationName = Release;
		};
		8DC263DE2BEFD7C700462A4C /* Build configuration list for PBXNativeTarget "BornGazette" */ = {
			isa = XCConfigurationList;
			buildConfigurations = (
				8DC263DF2BEFD7C700462A4C /* Debug */,
				8DC263E02BEFD7C700462A4C /* Release */,
			);
			defaultConfigurationIsVisible = 0;
			defaultConfigurationName = Release;
		};
		8DC263E12BEFD7C700462A4C /* Build configuration list for PBXNativeTarget "BornGazetteTests" */ = {
			isa = XCConfigurationList;
			buildConfigurations = (
				8DC263E22BEFD7C700462A4C /* Debug */,
				8DC263E32BEFD7C700462A4C /* Release */,
			);
			defaultConfigurationIsVisible = 0;
			defaultConfigurationName = Release;
		};
		8DC263E42BEFD7C700462A4C /* Build configuration list for PBXNativeTarget "BornGazetteUITests" */ = {
			isa = XCConfigurationList;
			buildConfigurations = (
				8DC263E52BEFD7C700462A4C /* Debug */,
				8DC263E62BEFD7C700462A4C /* Release */,
			);
			defaultConfigurationIsVisible = 0;
			defaultConfigurationName = Release;
		};
/* End XCConfigurationList section */
	};
	rootObject = 8DC263AC2BEFD7C600462A4C /* Project object */;
}
